
Microsoft Visual Studio Solution File, Format Version 12.00
# Visual Studio Version 16
VisualStudioVersion = 16.0.30621.155
MinimumVisualStudioVersion = 10.0.40219.1
Project("{FAE04EC0-301F-11D3-BF4B-00C04F79EFBC}") = "HelloReport", "HelloReport\HelloReport.csproj", "{0B84E580-E0DB-4808-9B68-6218D421726F}"
EndProject
Project("{FAE04EC0-301F-11D3-BF4B-00C04F79EFBC}") = "Ejercicio2", "Ejercicio2\Ejercicio2.csproj", "{DE3DCD36-2041-4973-87BD-17D024F17490}"
EndProject
Global
	GlobalSection(SolutionConfigurationPlatforms) = preSolution
		Debug|Any CPU = Debug|Any CPU
		Release|Any CPU = Release|Any CPU
	EndGlobalSection
	GlobalSection(ProjectConfigurationPlatforms) = postSolution
		{0B84E580-E0DB-4808-9B68-6218D421726F}.Debug|Any CPU.ActiveCfg = Debug|Any CPU
		{0B84E580-E0DB-4808-9B68-6218D421726F}.Debug|Any CPU.Build.0 = Debug|Any CPU
		{0B84E580-E0DB-4808-9B68-6218D421726F}.Release|Any CPU.ActiveCfg = Release|Any CPU
		{0B84E580-E0DB-4808-9B68-6218D421726F}.Release|Any CPU.Build.0 = Release|Any CPU
		{DE3DCD36-2041-4973-87BD-17D024F17490}.Debug|Any CPU.ActiveCfg = Debug|Any CPU
		{DE3DCD36-2041-4973-87BD-17D024F17490}.Debug|Any CPU.Build.0 = Debug|Any CPU
		{DE3DCD36-2041-4973-87BD-17D024F17490}.Release|Any CPU.ActiveCfg = Release|Any CPU
		{DE3DCD36-2041-4973-87BD-17D024F17490}.Release|Any CPU.Build.0 = Release|Any CPU
	EndGlobalSection
	GlobalSection(SolutionProperties) = preSolution
		HideSolutionNode = FALSE
	EndGlobalSection
	GlobalSection(ExtensibilityGlobals) = postSolution
		SolutionGuid = {5F15154B-6C81-487C-8601-D04B78B96F4F}
	EndGlobalSection
EndGlobal
